{
  "name": "npm",
  "version": "1.0.0",
  "lockfileVersion": 1,
  "requires": true,
  "dependencies": {
    "md5-hex": {
      "version": "2.0.0",
      "resolved": "https://registry.npmjs.org/md5-hex/-/md5-hex-2.0.0.tgz",
      "integrity": "sha1-0FiOnxx0lUSS7NJKwKxs6ZfZLjM=",
      "requires": {
        "md5-o-matic": "^0.1.1"
      }
    },
    "md5-o-matic": {
      "version": "0.1.1",
      "resolved": "https://registry.npmjs.org/md5-o-matic/-/md5-o-matic-0.1.1.tgz",
      "integrity": "sha1-givM1l4RfFFPqxdrJZRdVBAKA8M="
    },
    "string-hex": {
      "version": "1.0.0",
      "resolved": "https://registry.npmjs.org/string-hex/-/string-hex-1.0.0.tgz",
      "integrity": "sha512-BVj+jcFkid8p2hDu96wRks4U3Dz/OfPnNR4vmABQqVIZgeSRAXYB5/zGrYT/8QhGhcEi/fMnjtLDz0rcJ5pEIQ=="
    }
  }
}
